# THIS IS AN AUTOGENERATED FILE. DO NOT EDIT THIS FILE DIRECTLY.
# yarn lockfile v1


"@babel/code-frame@7.23.5":
  version "7.23.5"
  resolved "https://registry.yarnpkg.com/@babel/code-frame/-/code-frame-7.23.5.tgz#9009b69a8c602293476ad598ff53e4562e15c244"
  integrity sha512-CgH3s1a96LipHCmSUmYFPwY7MNx8C3avkq7i4Wl3cfa662ldtUe4VM1TPXX70pfmrlWTb6jLqTYrZyT2ZTJBgA==
  dependencies:
    "@babel/highlight" "^7.23.4"
    chalk "^2.4.2"

"@babel/helper-validator-identifier@^7.22.20":
  version "7.22.20"
  resolved "https://registry.yarnpkg.com/@babel/helper-validator-identifier/-/helper-validator-identifier-7.22.20.tgz#c4ae002c61d2879e724581d96665583dbc1dc0e0"
  integrity sha512-Y4OZ+ytlatR8AI+8KZfKuL5urKp7qey08ha31L8b3BwewJAoJamTzyvxPR/5D+KkdJCGPq/+8TukHBlY10FX9A==

"@babel/highlight@^7.23.4":
  version "7.23.4"
  resolved "https://registry.yarnpkg.com/@babel/highlight/-/highlight-7.23.4.tgz#edaadf4d8232e1a961432db785091207ead0621b"
  integrity sha512-acGdbYSfp2WheJoJm/EBBBLh/ID8KDc64ISZ9DYtBmC8/Q204PZJLHyzeB5qMzJ5trcOkybd78M4x2KWsUq++A==
  dependencies:
    "@babel/helper-validator-identifier" "^7.22.20"
    chalk "^2.4.2"
    js-tokens "^4.0.0"

"@swissquote/crafty-commons-gulp@1.25.0":
  version "1.25.0"
  resolved "https://registry.yarnpkg.com/@swissquote/crafty-commons-gulp/-/crafty-commons-gulp-1.25.0.tgz#03ed39486fda9f16cd9ec4dccac73038a94179fa"
  integrity sha512-1FirvAQ8EPqyT3xP+y4bet5ZB7hj5qJQbIWAYhzLiAiaWtXxId1b9L5SQ4vZWgbVmha2PD7vFzNpuD/nnzGVIw==
  dependencies:
    "@swissquote/crafty-commons" "1.25.0"

"@swissquote/crafty-commons@1.25.0":
  version "1.25.0"
  resolved "https://registry.yarnpkg.com/@swissquote/crafty-commons/-/crafty-commons-1.25.0.tgz#33c4104140e976265f51ac4d48ff787d9c07d29c"
  integrity sha512-uwjPeUpyBtzEkpXJhxlZFn8zO8eLAmiaN2nLlZwg0FLNe5yNP2JkFc+Dqk7qwecB+VgEHMfHneEwJmEV46/5PA==
  dependencies:
    caniuse-lite "^1.0.30001591"

"@swissquote/crafty-preset-postcss@1.25.0":
  version "1.25.0"
  resolved "https://registry.yarnpkg.com/@swissquote/crafty-preset-postcss/-/crafty-preset-postcss-1.25.0.tgz#597ca2e0ad53575bf5b565cb8556347efb500dfd"
  integrity sha512-OT346ESFKsCcnnhVwi7aCS+81D1gNjskO1vSIzCz7P4vBE612Hc5f8oYr0h8DBlFoD4Jy0684W+V/eLSTWQ1nA==
  dependencies:
    "@babel/code-frame" "7.23.5"
    "@swissquote/crafty" "1.25.0"
    "@swissquote/crafty-commons" "1.25.0"
    "@swissquote/crafty-commons-gulp" "1.25.0"
    "@swissquote/crafty-preset-stylelint" "1.25.0"
    "@swissquote/postcss-swissquote-preset" "1.25.0"
    mini-css-extract-plugin "2.8.1"
    postcss "8.4.35"
    postcss-scss "4.0.9"
    schema-utils "4.2.0"

"@swissquote/crafty-preset-prettier@1.25.0":
  version "1.25.0"
  resolved "https://registry.yarnpkg.com/@swissquote/crafty-preset-prettier/-/crafty-preset-prettier-1.25.0.tgz#0f8cb69d26b03c12ca21d00d429f9fc489bc2db3"
  integrity sha512-dlrcu2OexER3UZMFHnVLphbhMR8jnVFR+7d04UW9ZEmDNoRDNEoPYFTgLE//0KiUeW1QuSq1NhmkZOLdi8cuDg==

"@swissquote/crafty-preset-stylelint@1.25.0":
  version "1.25.0"
  resolved "https://registry.yarnpkg.com/@swissquote/crafty-preset-stylelint/-/crafty-preset-stylelint-1.25.0.tgz#2f7a5d0f07fc64a8f6fd1c12c5e08a4fa636c69c"
  integrity sha512-XVaxGYR5+VQDXLqbTUb77CFkSrRix0EgFAFyfbuX3JimkDjFSh7WD9kUPzZjElR3gYjkXAidi9j5s534nngVKQ==
  dependencies:
    "@babel/code-frame" "7.23.5"
    "@swissquote/crafty" "1.25.0"
    "@swissquote/crafty-commons" "1.25.0"
    "@swissquote/crafty-commons-gulp" "1.25.0"
    "@swissquote/crafty-preset-prettier" "1.25.0"
    "@swissquote/stylelint-config-swissquote" "1.25.0"
    postcss "8.4.35"
    postcss-scss "4.0.9"

"@swissquote/crafty-runner-gulp@1.25.0":
  version "1.25.0"
  resolved "https://registry.yarnpkg.com/@swissquote/crafty-runner-gulp/-/crafty-runner-gulp-1.25.0.tgz#d7e477328e5e79fcc28d6b99282ad209cafee353"
  integrity sha512-nwQfFgWjOVEDpgt9dEHOVu2z7rV6K8X/mA6RZdXx9k+KfeHvxRXfvmtM/nN56x1ZY0KcoLqVFdrryfpO2vMlEQ==
  dependencies:
    "@swissquote/crafty" "1.25.0"
    "@swissquote/crafty-commons" "1.25.0"
    "@swissquote/crafty-commons-gulp" "1.25.0"

"@swissquote/crafty@1.25.0":
  version "1.25.0"
  resolved "https://registry.yarnpkg.com/@swissquote/crafty/-/crafty-1.25.0.tgz#0623a5b8122b935f2ddb8083df0fdcabbe7dc135"
  integrity sha512-Q2w6GOViXY8T6OjDUuJjnK1pah1/nnpPL4ID1IsF068CRkDtYPnv1z9sCYhKeHvFjYYYr2JCmUQmqY9OCDIl2A==
  dependencies:
    "@swissquote/crafty-commons" "1.25.0"
  optionalDependencies:
    fsevents "~2.3.3"

"@swissquote/postcss-swissquote-preset@1.25.0":
  version "1.25.0"
  resolved "https://registry.yarnpkg.com/@swissquote/postcss-swissquote-preset/-/postcss-swissquote-preset-1.25.0.tgz#aa8ef4e79502e7ffac600e9666074a5c791865ad"
  integrity sha512-WI/w2yhJMHNHa4IlQQOULUt6EuH66/RW5H1d4D35hcGkOaFcMIKoD/qdf9Ri3BoGgURe71imFWRnTLhlzEkjBw==
  dependencies:
    "@swissquote/crafty-commons" "1.25.0"
    caniuse-lite "^1.0.30001591"
    lightningcss "1.24.0"
    postcss "8.4.35"

"@swissquote/stylelint-config-swissquote@1.25.0":
  version "1.25.0"
  resolved "https://registry.yarnpkg.com/@swissquote/stylelint-config-swissquote/-/stylelint-config-swissquote-1.25.0.tgz#f69418008d4813fb976501fd6a10a49a95e13ba8"
  integrity sha512-ngy1OqULn6oUUmhbOpXyDl6Is+RfIPwWEYeN81Zs1Emi322t52RhsfaBhDuOXuWFeyAwrOy4nLghIuJUjfux/g==
  dependencies:
    "@swissquote/crafty" "1.25.0"
    caniuse-lite "^1.0.30001591"
    postcss-scss "4.0.9"

"@types/json-schema@^7.0.9":
  version "7.0.11"
  resolved "https://registry.yarnpkg.com/@types/json-schema/-/json-schema-7.0.11.tgz#d421b6c527a3037f7c84433fd2c4229e016863d3"
  integrity sha512-wOuvG1SN4Us4rez+tylwwwCV1psiNVOkJeM3AUWUNWg/jDQY2+HE/444y5gc+jBmRqASOm2Oeh5c1axHobwRKQ==

ajv-formats@^2.1.1:
  version "2.1.1"
  resolved "https://registry.yarnpkg.com/ajv-formats/-/ajv-formats-2.1.1.tgz#6e669400659eb74973bbf2e33327180a0996b520"
  integrity sha512-Wx0Kx52hxE7C18hkMEggYlEifqWZtYaRgouJor+WMdPnQyEK13vgEWyVNup7SoeeoLMsr4kf5h6dOW11I15MUA==
  dependencies:
    ajv "^8.0.0"

ajv-keywords@^5.0.0, ajv-keywords@^5.1.0:
  version "5.1.0"
  resolved "https://registry.yarnpkg.com/ajv-keywords/-/ajv-keywords-5.1.0.tgz#69d4d385a4733cdbeab44964a1170a88f87f0e16"
  integrity sha512-YCS/JNFAUyr5vAuhk1DWm1CBxRHW9LbJ2ozWeemrIqpbsqKjHVxYPyi5GC0rjZIT5JxJ3virVTS8wk4i/Z+krw==
  dependencies:
    fast-deep-equal "^3.1.3"

ajv@^8.0.0, ajv@^8.8.0, ajv@^8.9.0:
  version "8.12.0"
  resolved "https://registry.yarnpkg.com/ajv/-/ajv-8.12.0.tgz#d1a0527323e22f53562c567c00991577dfbe19d1"
  integrity sha512-sRu1kpcO9yLtYxBKvqfTeh9KzZEwO3STyX1HT+4CaDzC6HpTGYhIhPIzj9XuKU7KYDwnaeh5hcOwjy1QuJzBPA==
  dependencies:
    fast-deep-equal "^3.1.1"
    json-schema-traverse "^1.0.0"
    require-from-string "^2.0.2"
    uri-js "^4.2.2"

ansi-styles@^3.2.1:
  version "3.2.1"
  resolved "https://registry.yarnpkg.com/ansi-styles/-/ansi-styles-3.2.1.tgz#41fbb20243e50b12be0f04b8dedbf07520ce841d"
  integrity sha512-VT0ZI6kZRdTh8YyJw3SMbYm/u+NqfsAxEpWO0Pf9sq8/e94WxxOpPKx9FR1FlyCtOVDNOQ+8ntlqFxiRc+r5qA==
  dependencies:
    color-convert "^1.9.0"

caniuse-lite@^1.0.30001591:
  version "1.0.30001593"
  resolved "https://registry.yarnpkg.com/caniuse-lite/-/caniuse-lite-1.0.30001593.tgz#7cda1d9e5b0cad6ebab4133b1f239d4ea44fe659"
  integrity sha512-UWM1zlo3cZfkpBysd7AS+z+v007q9G1+fLTUU42rQnY6t2axoogPW/xol6T7juU5EUoOhML4WgBIdG+9yYqAjQ==

chalk@^2.4.2:
  version "2.4.2"
  resolved "https://registry.yarnpkg.com/chalk/-/chalk-2.4.2.tgz#cd42541677a54333cf541a49108c1432b44c9424"
  integrity sha512-Mti+f9lpJNcwF4tWV8/OrTTtF1gZi+f8FqlyAdouralcFWFQWF2+NgCHShjkCb+IFBLq9buZwE1xckQU4peSuQ==
  dependencies:
    ansi-styles "^3.2.1"
    escape-string-regexp "^1.0.5"
    supports-color "^5.3.0"

color-convert@^1.9.0:
  version "1.9.3"
  resolved "https://registry.yarnpkg.com/color-convert/-/color-convert-1.9.3.tgz#bb71850690e1f136567de629d2d5471deda4c1e8"
  integrity sha512-QfAUtd+vFdAtFQcC8CCyYt1fYWxSqAiK2cSD6zDB8N3cpsEBAvRxp9zOGg6G/SHHJYAT88/az/IuDGALsNVbGg==
  dependencies:
    color-name "1.1.3"

color-name@1.1.3:
  version "1.1.3"
  resolved "https://registry.yarnpkg.com/color-name/-/color-name-1.1.3.tgz#a7d0558bd89c42f795dd42328f740831ca53bc25"
  integrity sha512-72fSenhMw2HZMTVHeCA9KCmpEIbzWiQsjN+BHcBbS9vr1mtt+vJjPdksIBNUmKAW8TFUDPJK5SUU3QhE9NEXDw==

detect-libc@^1.0.3:
  version "1.0.3"
  resolved "https://registry.yarnpkg.com/detect-libc/-/detect-libc-1.0.3.tgz#fa137c4bd698edf55cd5cd02ac559f91a4c4ba9b"
  integrity sha512-pGjwhsmsp4kL2RTz08wcOlGN83otlqHeD/Z5T8GXZB+/YcpQ/dgo+lbU8ZsGxV0HIvqqxo9l7mqYwyYMD9bKDg==

escape-string-regexp@^1.0.5:
  version "1.0.5"
  resolved "https://registry.yarnpkg.com/escape-string-regexp/-/escape-string-regexp-1.0.5.tgz#1b61c0562190a8dff6ae3bb2cf0200ca130b86d4"
  integrity sha512-vbRorB5FUQWvla16U8R/qgaFIya2qGzwDrNmCZuYKrbdSUMG6I1ZCGQRefkRVhuOkIGVne7BQ35DSfo1qvJqFg==

fast-deep-equal@^3.1.1, fast-deep-equal@^3.1.3:
  version "3.1.3"
  resolved "https://registry.yarnpkg.com/fast-deep-equal/-/fast-deep-equal-3.1.3.tgz#3a7d56b559d6cbc3eb512325244e619a65c6c525"
  integrity sha512-f3qQ9oQy9j2AhBe/H9VC91wLmKBCCU/gDOnKNAYG5hswO7BLKj09Hc5HYNz9cGI++xlpDCIgDaitVs03ATR84Q==

fsevents@~2.3.3:
  version "2.3.3"
  resolved "https://registry.yarnpkg.com/fsevents/-/fsevents-2.3.3.tgz#cac6407785d03675a2a5e1a5305c697b347d90d6"
  integrity sha512-5xoDfX+fL7faATnagmWPpbFtwh/R77WmMMqqHGS65C3vvB0YHrgF+B1YmZ3441tMj5n63k0212XNoJwzlhffQw==

has-flag@^3.0.0:
  version "3.0.0"
  resolved "https://registry.yarnpkg.com/has-flag/-/has-flag-3.0.0.tgz#b5d454dc2199ae225699f3467e5a07f3b955bafd"
  integrity sha512-sKJf1+ceQBr4SMkvQnBDNDtf4TXpVhVGateu0t918bl30FnbE2m4vNLX+VWe/dpjlb+HugGYzW7uQXH98HPEYw==

js-tokens@^4.0.0:
  version "4.0.0"
  resolved "https://registry.yarnpkg.com/js-tokens/-/js-tokens-4.0.0.tgz#19203fb59991df98e3a287050d4647cdeaf32499"
  integrity sha512-RdJUflcE3cUzKiMqQgsCu06FPu9UdIJO0beYbPhHN4k6apgJtifcoCtT9bcxOpYBtpD2kCM6Sbzg4CausW/PKQ==

json-schema-traverse@^1.0.0:
  version "1.0.0"
  resolved "https://registry.yarnpkg.com/json-schema-traverse/-/json-schema-traverse-1.0.0.tgz#ae7bcb3656ab77a73ba5c49bf654f38e6b6860e2"
  integrity sha512-NM8/P9n3XjXhIZn1lLhkFaACTOURQXjWhV4BA/RnOv8xvgqtqpAX9IO4mRQxSx1Rlo4tqzeqb0sOlruaOy3dug==

lightningcss-darwin-arm64@1.24.0:
  version "1.24.0"
  resolved "https://registry.yarnpkg.com/lightningcss-darwin-arm64/-/lightningcss-darwin-arm64-1.24.0.tgz#3d2450fe6881ed84c825f91510415dfa35dc3237"
  integrity sha512-rTNPkEiynOu4CfGdd5ZfVOQe2gd2idfQd4EfX1l2ZUUwd+2SwSdbb7cG4rlwfnZckbzCAygm85xkpekRE5/wFw==

lightningcss-darwin-x64@1.24.0:
  version "1.24.0"
  resolved "https://registry.yarnpkg.com/lightningcss-darwin-x64/-/lightningcss-darwin-x64-1.24.0.tgz#98cb96ad7ea78990ee24cd7741b9983696c1adab"
  integrity sha512-4KCeF2RJjzp9xdGY8zIH68CUtptEg8uz8PfkHvsIdrP4t9t5CIgfDBhiB8AmuO75N6SofdmZexDZIKdy9vA7Ww==

lightningcss-freebsd-x64@1.24.0:
  version "1.24.0"
  resolved "https://registry.yarnpkg.com/lightningcss-freebsd-x64/-/lightningcss-freebsd-x64-1.24.0.tgz#d8c94574f8e12b09cb8dcdd05333d9e2288cd906"
  integrity sha512-FJAYlek1wXuVTsncNU0C6YD41q126dXcIUm97KAccMn9C4s/JfLSqGWT2gIzAblavPFkyGG2gIADTWp3uWfN1g==

lightningcss-linux-arm-gnueabihf@1.24.0:
  version "1.24.0"
  resolved "https://registry.yarnpkg.com/lightningcss-linux-arm-gnueabihf/-/lightningcss-linux-arm-gnueabihf-1.24.0.tgz#b59678c2f9e29176740193a54b62cd2c28112e13"
  integrity sha512-N55K6JqzMx7C0hYUu1YmWqhkHwzEJlkQRMA6phY65noO0I1LOAvP4wBIoFWrzRE+O6zL0RmXJ2xppqyTbk3sYw==

lightningcss-linux-arm64-gnu@1.24.0:
  version "1.24.0"
  resolved "https://registry.yarnpkg.com/lightningcss-linux-arm64-gnu/-/lightningcss-linux-arm64-gnu-1.24.0.tgz#20af7648d894253c97afe3b58c91dc224243985c"
  integrity sha512-MqqUB2TpYtFWeBvvf5KExDdClU3YGLW5bHKs50uKKootcvG9KoS7wYwd5UichS+W3mYLc5yXUPGD1DNWbLiYKw==

lightningcss-linux-arm64-musl@1.24.0:
  version "1.24.0"
  resolved "https://registry.yarnpkg.com/lightningcss-linux-arm64-musl/-/lightningcss-linux-arm64-musl-1.24.0.tgz#be696ac45e7d211accc812750bfe6d61ef37b480"
  integrity sha512-5wn4d9tFwa5bS1ao9mLexYVJdh3nn09HNIipsII6ZF7z9ZA5J4dOEhMgKoeCl891axTGTUYd8Kxn+Hn3XUSYRQ==

lightningcss-linux-x64-gnu@1.24.0:
  version "1.24.0"
  resolved "https://registry.yarnpkg.com/lightningcss-linux-x64-gnu/-/lightningcss-linux-x64-gnu-1.24.0.tgz#1990787be06a75e396f03ee86f8fe7b90d34f945"
  integrity sha512-3j5MdTh+LSDF3o6uDwRjRUgw4J+IfDCVtdkUrJvKxL79qBLUujXY7CTe5X3IQDDLKEe/3wu49r8JKgxr0MfjbQ==

lightningcss-linux-x64-musl@1.24.0:
  version "1.24.0"
  resolved "https://registry.yarnpkg.com/lightningcss-linux-x64-musl/-/lightningcss-linux-x64-musl-1.24.0.tgz#26edd10bcbd95833c602d3c4b71b628b26603d62"
  integrity sha512-HI+rNnvaLz0o36z6Ki0gyG5igVGrJmzczxA5fznr6eFTj3cHORoR/j2q8ivMzNFR4UKJDkTWUH5LMhacwOHWBA==

lightningcss-win32-x64-msvc@1.24.0:
  version "1.24.0"
  resolved "https://registry.yarnpkg.com/lightningcss-win32-x64-msvc/-/lightningcss-win32-x64-msvc-1.24.0.tgz#268a4a6ad2ef25703a7f0d9edec60c409f80dd09"
  integrity sha512-oeije/t7OZ5N9vSs6amyW/34wIYoBCpE6HUlsSKcP2SR1CVgx9oKEM00GtQmtqNnYiMIfsSm7+ppMb4NLtD5vg==

lightningcss@1.24.0:
  version "1.24.0"
  resolved "https://registry.yarnpkg.com/lightningcss/-/lightningcss-1.24.0.tgz#41bcdf5de381ae5fe1e7f9a2bf6bcaded556082c"
  integrity sha512-y36QEEDVx4IM7/yIZNsZJMRREIu26WzTsauIysf5s76YeCmlSbRZS7aC97IGPuoFRnyZ5Wx43OBsQBFB5Ne7ng==
  dependencies:
    detect-libc "^1.0.3"
  optionalDependencies:
    lightningcss-darwin-arm64 "1.24.0"
    lightningcss-darwin-x64 "1.24.0"
    lightningcss-freebsd-x64 "1.24.0"
    lightningcss-linux-arm-gnueabihf "1.24.0"
    lightningcss-linux-arm64-gnu "1.24.0"
    lightningcss-linux-arm64-musl "1.24.0"
    lightningcss-linux-x64-gnu "1.24.0"
    lightningcss-linux-x64-musl "1.24.0"
    lightningcss-win32-x64-msvc "1.24.0"

mini-css-extract-plugin@2.8.1:
  version "2.8.1"
  resolved "https://registry.yarnpkg.com/mini-css-extract-plugin/-/mini-css-extract-plugin-2.8.1.tgz#75245f3f30ce3a56dbdd478084df6fe475f02dc7"
  integrity sha512-/1HDlyFRxWIZPI1ZpgqlZ8jMw/1Dp/dl3P0L1jtZ+zVcHqwPhGwaJwKL00WVgfnBy6PWCde9W65or7IIETImuA==
  dependencies:
    schema-utils "^4.0.0"
    tapable "^2.2.1"

nanoid@^3.3.7:
  version "3.3.7"
  resolved "https://registry.yarnpkg.com/nanoid/-/nanoid-3.3.7.tgz#d0c301a691bc8d54efa0a2226ccf3fe2fd656bd8"
  integrity sha512-eSRppjcPIatRIMC1U6UngP8XFcz8MQWGQdt1MTBQ7NaAmvXDfvNxbvWV3x2y6CdEUciCSsDHDQZbhYaB8QEo2g==

picocolors@^1.0.0:
  version "1.0.0"
  resolved "https://registry.yarnpkg.com/picocolors/-/picocolors-1.0.0.tgz#cb5bdc74ff3f51892236eaf79d68bc44564ab81c"
  integrity sha512-1fygroTLlHu66zi26VoTDv8yRgm0Fccecssto+MhsZ0D/DGW2sm8E8AjW7NU5VVTRt5GxbeZ5qBuJr+HyLYkjQ==

postcss-scss@4.0.9:
  version "4.0.9"
  resolved "https://registry.yarnpkg.com/postcss-scss/-/postcss-scss-4.0.9.tgz#a03c773cd4c9623cb04ce142a52afcec74806685"
  integrity sha512-AjKOeiwAitL/MXxQW2DliT28EKukvvbEWx3LBmJIRN8KfBGZbRTxNYW0kSqi1COiTZ57nZ9NW06S6ux//N1c9A==

postcss@8.4.35:
  version "8.4.35"
  resolved "https://registry.yarnpkg.com/postcss/-/postcss-8.4.35.tgz#60997775689ce09011edf083a549cea44aabe2f7"
  integrity sha512-u5U8qYpBCpN13BsiEB0CbR1Hhh4Gc0zLFuedrHJKMctHCHAGrMdG0PRM/KErzAL3CU6/eckEtmHNB3x6e3c0vA==
  dependencies:
    nanoid "^3.3.7"
    picocolors "^1.0.0"
    source-map-js "^1.0.2"

punycode@^2.1.0:
  version "2.3.0"
  resolved "https://registry.yarnpkg.com/punycode/-/punycode-2.3.0.tgz#f67fa67c94da8f4d0cfff981aee4118064199b8f"
  integrity sha512-rRV+zQD8tVFys26lAGR9WUuS4iUAngJScM+ZRSKtvl5tKeZ2t5bvdNFdNHBW9FWR4guGHlgmsZ1G7BSm2wTbuA==

require-from-string@^2.0.2:
  version "2.0.2"
  resolved "https://registry.yarnpkg.com/require-from-string/-/require-from-string-2.0.2.tgz#89a7fdd938261267318eafe14f9c32e598c36909"
  integrity sha512-Xf0nWe6RseziFMu+Ap9biiUbmplq6S9/p+7w7YXP/JBHhrUDDUhwa+vANyubuqfZWTveU//DYVGsDG7RKL/vEw==

schema-utils@4.2.0:
  version "4.2.0"
  resolved "https://registry.yarnpkg.com/schema-utils/-/schema-utils-4.2.0.tgz#70d7c93e153a273a805801882ebd3bff20d89c8b"
  integrity sha512-L0jRsrPpjdckP3oPug3/VxNKt2trR8TcabrM6FOAAlvC/9Phcmm+cuAgTlxBqdBR1WJx7Naj9WHw+aOmheSVbw==
  dependencies:
    "@types/json-schema" "^7.0.9"
    ajv "^8.9.0"
    ajv-formats "^2.1.1"
    ajv-keywords "^5.1.0"

schema-utils@^4.0.0:
  version "4.0.0"
  resolved "https://registry.yarnpkg.com/schema-utils/-/schema-utils-4.0.0.tgz#60331e9e3ae78ec5d16353c467c34b3a0a1d3df7"
  integrity sha512-1edyXKgh6XnJsJSQ8mKWXnN/BVaIbFMLpouRUrXgVq7WYne5kw3MW7UPhO44uRXQSIpTSXoJbmrR2X0w9kUTyg==
  dependencies:
    "@types/json-schema" "^7.0.9"
    ajv "^8.8.0"
    ajv-formats "^2.1.1"
    ajv-keywords "^5.0.0"

source-map-js@^1.0.2:
  version "1.0.2"
  resolved "https://registry.yarnpkg.com/source-map-js/-/source-map-js-1.0.2.tgz#adbc361d9c62df380125e7f161f71c826f1e490c"
  integrity sha512-R0XvVJ9WusLiqTCEiGCmICCMplcCkIwwR11mOSD9CR5u+IXYdiseeEuXCVAjS54zqwkLcPNnmU4OeJ6tUrWhDw==

supports-color@^5.3.0:
  version "5.5.0"
  resolved "https://registry.yarnpkg.com/supports-color/-/supports-color-5.5.0.tgz#e2e69a44ac8772f78a1ec0b35b689df6530efc8f"
  integrity sha512-QjVjwdXIt408MIiAqCX4oUKsgU2EqAGzs2Ppkm4aQYbjm+ZEWEcW4SfFNTr4uMNZma0ey4f5lgLrkB0aX0QMow==
  dependencies:
    has-flag "^3.0.0"

tapable@^2.2.1:
  version "2.2.1"
  resolved "https://registry.yarnpkg.com/tapable/-/tapable-2.2.1.tgz#1967a73ef4060a82f12ab96af86d52fdb76eeca0"
  integrity sha512-GNzQvQTOIP6RyTfE2Qxb8ZVlNmw0n88vp1szwWRimP02mnTsx3Wtn5qRdqY9w2XduFNUgvOwhNnQsjwCp+kqaQ==

uri-js@^4.2.2:
  version "4.4.1"
  resolved "https://registry.yarnpkg.com/uri-js/-/uri-js-4.4.1.tgz#9b1a52595225859e55f669d928f88c6c57f2a77e"
  integrity sha512-7rKUyy33Q1yc98pQ1DAmLtwX109F7TIfWlW1Ydo8Wl1ii1SeHieeh0HHfPeL2fMXK6z0s8ecKs9frCuLJvndBg==
  dependencies:
    punycode "^2.1.0"
