# THIS IS AN AUTOGENERATED FILE. DO NOT EDIT THIS FILE DIRECTLY.
# yarn lockfile v1


"@babel/code-frame@7.16.7":
  version "7.16.7"
  resolved "https://registry.yarnpkg.com/@babel/code-frame/-/code-frame-7.16.7.tgz#44416b6bd7624b998f5b1af5d470856c40138789"
  integrity sha512-iAXqUn8IIeBTNd72xsFlgaXHkMBMt6y4HJp1tIaK465CWLT/fG1aqB7ykr95gHHmlBdGbFeWWfyB4NJJ0nmeIg==
  dependencies:
    "@babel/highlight" "^7.16.7"

"@babel/helper-validator-identifier@^7.16.7":
  version "7.16.7"
  resolved "https://registry.yarnpkg.com/@babel/helper-validator-identifier/-/helper-validator-identifier-7.16.7.tgz#e8c602438c4a8195751243da9031d1607d247cad"
  integrity sha512-hsEnFemeiW4D08A5gUAZxLBTXpZ39P+a+DGDsHw1yxqyQ/jzFEnxf5uTEGp+3bzAbNOxU1paTgYS4ECU/IgfDw==

"@babel/highlight@^7.16.7":
  version "7.16.10"
  resolved "https://registry.yarnpkg.com/@babel/highlight/-/highlight-7.16.10.tgz#744f2eb81579d6eea753c227b0f570ad785aba88"
  integrity sha512-5FnTQLSLswEj6IkgVw5KusNUUFY9ZGqe/TRFnP/BKYHYgfh7tc+C7mwiy95/yNP7Dh9x580Vv8r7u7ZfTBFxdw==
  dependencies:
    "@babel/helper-validator-identifier" "^7.16.7"
    chalk "^2.0.0"
    js-tokens "^4.0.0"

"@parcel/css-darwin-arm64@1.8.1":
  version "1.8.1"
  resolved "https://registry.yarnpkg.com/@parcel/css-darwin-arm64/-/css-darwin-arm64-1.8.1.tgz#1d7694185626f956504cc6f099317455145bb880"
  integrity sha512-PbpIlqLMAhWZlimKCdNP/ZfGNJUlEWgNeTcO2LDjPIK5JK6oTAJHfP/PPzjLS8mu+JIznZ//9MnVOUi1xcjXMA==

"@parcel/css-darwin-x64@1.8.1":
  version "1.8.1"
  resolved "https://registry.yarnpkg.com/@parcel/css-darwin-x64/-/css-darwin-x64-1.8.1.tgz#40ce6bff78c7aecc32759faa9b52954247bc2ec1"
  integrity sha512-R4FrwXQGAgW3/YRCSRCBNcV6mz+OKqYuyrVnZBmKTLDuTGhZHCF12qLL7SV5jYsKXBDauYAXDv/SOFIwlikVXg==

"@parcel/css-linux-arm-gnueabihf@1.8.1":
  version "1.8.1"
  resolved "https://registry.yarnpkg.com/@parcel/css-linux-arm-gnueabihf/-/css-linux-arm-gnueabihf-1.8.1.tgz#f540f8a92ed99ec6b07408aeef443804a8c7aba5"
  integrity sha512-MVRlPGipRrs+f6nURR6cJbFw85YSXkPbR6l/0Hm1vyFlNn0HmRDCEWZFPwvvSavibU968Wgc5yKaC78D6Ecgsw==

"@parcel/css-linux-arm64-gnu@1.8.1":
  version "1.8.1"
  resolved "https://registry.yarnpkg.com/@parcel/css-linux-arm64-gnu/-/css-linux-arm64-gnu-1.8.1.tgz#4a63ea53eea93d2858bf2096fdad5ddeb3e65ee8"
  integrity sha512-s6UpF9CjUMeeCELx0Cu+HtR8RKycm516b1mJlQC8hsPtAyDYlByW4tSDwC3By4Fqf3xCan6IH/oaq0ujS0Iqew==

"@parcel/css-linux-arm64-musl@1.8.1":
  version "1.8.1"
  resolved "https://registry.yarnpkg.com/@parcel/css-linux-arm64-musl/-/css-linux-arm64-musl-1.8.1.tgz#7fe489a92cd74139b904216813a4002ae44300cf"
  integrity sha512-Tp3Pe2tx7mltPrZ1ZDV8PLkgYcwQOigrH9YjPPOaf8iFptDpHOv1y2cs1eSgnvP+5kBdIXd7H87kGSC7OosuXg==

"@parcel/css-linux-x64-gnu@1.8.1":
  version "1.8.1"
  resolved "https://registry.yarnpkg.com/@parcel/css-linux-x64-gnu/-/css-linux-x64-gnu-1.8.1.tgz#6a1d733eca71367735d8a7f841f779a03d30272e"
  integrity sha512-8yqXRlei4qBFSv9R8yru6yB2ak7frA/z6rMB2E5lNN8kMhpB1E0xKYMhsTZdMOV5A/gkPZlP3sHZG4qQ3GOLgQ==

"@parcel/css-linux-x64-musl@1.8.1":
  version "1.8.1"
  resolved "https://registry.yarnpkg.com/@parcel/css-linux-x64-musl/-/css-linux-x64-musl-1.8.1.tgz#603245a11222fad815f8fa704fe59d15f0abdd46"
  integrity sha512-S1Qf9tZzX7AnmqKRhR/qpFYsqSCxYSz5KdekdxIijPEMxyI5tpWp6g2adGYxrCuV0E5EpcpmXlBT6d6+8FrgPg==

"@parcel/css-win32-x64-msvc@1.8.1":
  version "1.8.1"
  resolved "https://registry.yarnpkg.com/@parcel/css-win32-x64-msvc/-/css-win32-x64-msvc-1.8.1.tgz#175a909ae80cd7634f1c9ffa84063b85161df22b"
  integrity sha512-tZ5s2zM/63mEdpdnE82xtfDDR7tAN32REii1EU5LOdfpB2PIw902p30fvklj1pOFBji/v/JdpAdLIYc4W7Gb6w==

"@parcel/css@1.8.1":
  version "1.8.1"
  resolved "https://registry.yarnpkg.com/@parcel/css/-/css-1.8.1.tgz#d5a756c18eefcc407267c5675c8e66edf206c483"
  integrity sha512-TOfe+msei+NuPPKb60Kc+nPuCThl07L3Fut67nfot1OXy2hKYr/eF7AiAguCaIlRXkjEtXRR4S7fO24dLZ1C9g==
  dependencies:
    detect-libc "^1.0.3"
  optionalDependencies:
    "@parcel/css-darwin-arm64" "1.8.1"
    "@parcel/css-darwin-x64" "1.8.1"
    "@parcel/css-linux-arm-gnueabihf" "1.8.1"
    "@parcel/css-linux-arm64-gnu" "1.8.1"
    "@parcel/css-linux-arm64-musl" "1.8.1"
    "@parcel/css-linux-x64-gnu" "1.8.1"
    "@parcel/css-linux-x64-musl" "1.8.1"
    "@parcel/css-win32-x64-msvc" "1.8.1"

"@swissquote/crafty-commons-gulp@1.19.0":
  version "1.19.0"
  resolved "https://registry.yarnpkg.com/@swissquote/crafty-commons-gulp/-/crafty-commons-gulp-1.19.0.tgz#e8f5bcc4ed2cd2277b3410f4bbe6d534eab2916f"
  integrity sha512-8SxKUI/yOHWkyDpxFEFTkdIyFwGaICkwJQzP/dKNNsxtlDwVg/Vp7GHQ9MykYNJ/RHGvN8HztWTP8JZwF7EihQ==
  dependencies:
    "@swissquote/crafty-commons" "1.19.0"

"@swissquote/crafty-commons@1.19.0":
  version "1.19.0"
  resolved "https://registry.yarnpkg.com/@swissquote/crafty-commons/-/crafty-commons-1.19.0.tgz#5991a1803992a01264469860060880e6bfb9772f"
  integrity sha512-ruO/tdBvAZ13pTL95U9fpzaNp0QnDBmi/A8vcjuzDBVtb7EgNyNytxJ0ZgnUXCVl4R7WNL5MjCZhlNwtgpz/iw==
  dependencies:
    caniuse-lite "^1.0.30001319"

"@swissquote/crafty-preset-postcss@1.19.0":
  version "1.19.0"
  resolved "https://registry.yarnpkg.com/@swissquote/crafty-preset-postcss/-/crafty-preset-postcss-1.19.0.tgz#2ad0ec334c0f5ea363e436a5a489e84e667a6431"
  integrity sha512-6w9G1IyHVWEy6VYMrTniOcuaFGlp0Msl4Bg4byQmvKCmF+6SY3/Nef/5kSfxG0wE06xb8Ogxg3PDW4CxZp8qUQ==
  dependencies:
    "@babel/code-frame" "7.16.7"
    "@swissquote/crafty" "1.19.0"
    "@swissquote/crafty-commons" "1.19.0"
    "@swissquote/crafty-commons-gulp" "1.19.0"
    "@swissquote/crafty-preset-prettier" "1.19.0"
    "@swissquote/postcss-swissquote-preset" "1.19.0"
    "@swissquote/stylelint-config-swissquote" "1.19.0"
    mini-css-extract-plugin "2.6.0"
    postcss "8.4.12"
    postcss-scss "4.0.3"
    schema-utils "4.0.0"

"@swissquote/crafty-preset-prettier@1.19.0":
  version "1.19.0"
  resolved "https://registry.yarnpkg.com/@swissquote/crafty-preset-prettier/-/crafty-preset-prettier-1.19.0.tgz#0bdc7c5c1643b4b4ea312e65efbade10352a91c3"
  integrity sha512-yrhN5upeNWfTG+NHY0uef5j7MtcVj6FRtWvd+hD7geIuQi1+Tiiky2RJbD/48nslnEQJX4dOsyA0pt4cp0lyJQ==

"@swissquote/crafty-runner-gulp@1.19.0":
  version "1.19.0"
  resolved "https://registry.yarnpkg.com/@swissquote/crafty-runner-gulp/-/crafty-runner-gulp-1.19.0.tgz#60a2598e4ff1ae57bf9b560438b3940bfe3ecb74"
  integrity sha512-Yryhdmry5jFs/+DoHDkJ1tCOnxE4ZuthcxnmExCF4MUWDzYTzhklgg8XuKccNQYe3HnxWtEcoOzChtBsHA7Omw==
  dependencies:
    "@swissquote/crafty" "1.19.0"
    "@swissquote/crafty-commons" "1.19.0"
    "@swissquote/crafty-commons-gulp" "1.19.0"

"@swissquote/crafty@1.19.0":
  version "1.19.0"
  resolved "https://registry.yarnpkg.com/@swissquote/crafty/-/crafty-1.19.0.tgz#a5bc9a3cf800d973424800fd7e04ee50e6a00b87"
  integrity sha512-4zLkKcUQlTA6+gGmPnj5I7KdGnrueqif0rc0tf7Uxub5KOMkU4wQGxjq9D6gHJqVRCpJREnnwWaWaJ8XhdwsPg==
  dependencies:
    "@swissquote/crafty-commons" "1.19.0"
  optionalDependencies:
    fsevents "~2.3.2"

"@swissquote/postcss-swissquote-preset@1.19.0":
  version "1.19.0"
  resolved "https://registry.yarnpkg.com/@swissquote/postcss-swissquote-preset/-/postcss-swissquote-preset-1.19.0.tgz#7c3a130f293af3aad0daa61c6fc455487f2d21a6"
  integrity sha512-RiEy5rWC48DQ160X9bUD73Xwau+sy4QzXQiS6E6FTLCNMsLN+1/UoZIMcCeoVoebMsmdR5vq74Znuzk0z99nKA==
  dependencies:
    "@parcel/css" "1.8.1"
    "@swissquote/crafty-commons" "1.19.0"
    caniuse-lite "^1.0.30001319"
    postcss "8.4.12"

"@swissquote/stylelint-config-swissquote@1.19.0":
  version "1.19.0"
  resolved "https://registry.yarnpkg.com/@swissquote/stylelint-config-swissquote/-/stylelint-config-swissquote-1.19.0.tgz#077cfa1fad9076f75951164271a25a7b9e1cbc44"
  integrity sha512-45oE3lcxulWlcjgV985qfQI1LeSCDviZJSi08E4workzC/8u8O1d8srn4vFYD2UQguKO5QykaVL3UGpYdmvhXg==
  dependencies:
    "@swissquote/crafty" "1.19.0"
    caniuse-lite "^1.0.30001319"
    postcss-scss "4.0.3"

"@types/json-schema@^7.0.9":
  version "7.0.9"
  resolved "https://registry.yarnpkg.com/@types/json-schema/-/json-schema-7.0.9.tgz#97edc9037ea0c38585320b28964dde3b39e4660d"
  integrity sha512-qcUXuemtEu+E5wZSJHNxUXeCZhAfXKQ41D+duX+VYPde7xyEVZci+/oXKJL13tnRs9lR2pr4fod59GT6/X1/yQ==

ajv-formats@^2.1.1:
  version "2.1.1"
  resolved "https://registry.yarnpkg.com/ajv-formats/-/ajv-formats-2.1.1.tgz#6e669400659eb74973bbf2e33327180a0996b520"
  integrity sha512-Wx0Kx52hxE7C18hkMEggYlEifqWZtYaRgouJor+WMdPnQyEK13vgEWyVNup7SoeeoLMsr4kf5h6dOW11I15MUA==
  dependencies:
    ajv "^8.0.0"

ajv-keywords@^5.0.0:
  version "5.1.0"
  resolved "https://registry.yarnpkg.com/ajv-keywords/-/ajv-keywords-5.1.0.tgz#69d4d385a4733cdbeab44964a1170a88f87f0e16"
  integrity sha512-YCS/JNFAUyr5vAuhk1DWm1CBxRHW9LbJ2ozWeemrIqpbsqKjHVxYPyi5GC0rjZIT5JxJ3virVTS8wk4i/Z+krw==
  dependencies:
    fast-deep-equal "^3.1.3"

ajv@^8.0.0, ajv@^8.8.0:
  version "8.10.0"
  resolved "https://registry.yarnpkg.com/ajv/-/ajv-8.10.0.tgz#e573f719bd3af069017e3b66538ab968d040e54d"
  integrity sha512-bzqAEZOjkrUMl2afH8dknrq5KEk2SrwdBROR+vH1EKVQTqaUbJVPdc/gEdggTMM0Se+s+Ja4ju4TlNcStKl2Hw==
  dependencies:
    fast-deep-equal "^3.1.1"
    json-schema-traverse "^1.0.0"
    require-from-string "^2.0.2"
    uri-js "^4.2.2"

ansi-styles@^3.2.1:
  version "3.2.1"
  resolved "https://registry.yarnpkg.com/ansi-styles/-/ansi-styles-3.2.1.tgz#41fbb20243e50b12be0f04b8dedbf07520ce841d"
  integrity sha512-VT0ZI6kZRdTh8YyJw3SMbYm/u+NqfsAxEpWO0Pf9sq8/e94WxxOpPKx9FR1FlyCtOVDNOQ+8ntlqFxiRc+r5qA==
  dependencies:
    color-convert "^1.9.0"

caniuse-lite@^1.0.30001319:
  version "1.0.30001332"
  resolved "https://registry.yarnpkg.com/caniuse-lite/-/caniuse-lite-1.0.30001332.tgz#39476d3aa8d83ea76359c70302eafdd4a1d727dd"
  integrity sha512-10T30NYOEQtN6C11YGg411yebhvpnC6Z102+B95eAsN0oB6KUs01ivE8u+G6FMIRtIrVlYXhL+LUwQ3/hXwDWw==

chalk@^2.0.0:
  version "2.4.2"
  resolved "https://registry.yarnpkg.com/chalk/-/chalk-2.4.2.tgz#cd42541677a54333cf541a49108c1432b44c9424"
  integrity sha512-Mti+f9lpJNcwF4tWV8/OrTTtF1gZi+f8FqlyAdouralcFWFQWF2+NgCHShjkCb+IFBLq9buZwE1xckQU4peSuQ==
  dependencies:
    ansi-styles "^3.2.1"
    escape-string-regexp "^1.0.5"
    supports-color "^5.3.0"

color-convert@^1.9.0:
  version "1.9.3"
  resolved "https://registry.yarnpkg.com/color-convert/-/color-convert-1.9.3.tgz#bb71850690e1f136567de629d2d5471deda4c1e8"
  integrity sha512-QfAUtd+vFdAtFQcC8CCyYt1fYWxSqAiK2cSD6zDB8N3cpsEBAvRxp9zOGg6G/SHHJYAT88/az/IuDGALsNVbGg==
  dependencies:
    color-name "1.1.3"

color-name@1.1.3:
  version "1.1.3"
  resolved "https://registry.yarnpkg.com/color-name/-/color-name-1.1.3.tgz#a7d0558bd89c42f795dd42328f740831ca53bc25"
  integrity sha1-p9BVi9icQveV3UIyj3QIMcpTvCU=

detect-libc@^1.0.3:
  version "1.0.3"
  resolved "https://registry.yarnpkg.com/detect-libc/-/detect-libc-1.0.3.tgz#fa137c4bd698edf55cd5cd02ac559f91a4c4ba9b"
  integrity sha1-+hN8S9aY7fVc1c0CrFWfkaTEups=

escape-string-regexp@^1.0.5:
  version "1.0.5"
  resolved "https://registry.yarnpkg.com/escape-string-regexp/-/escape-string-regexp-1.0.5.tgz#1b61c0562190a8dff6ae3bb2cf0200ca130b86d4"
  integrity sha1-G2HAViGQqN/2rjuyzwIAyhMLhtQ=

fast-deep-equal@^3.1.1, fast-deep-equal@^3.1.3:
  version "3.1.3"
  resolved "https://registry.yarnpkg.com/fast-deep-equal/-/fast-deep-equal-3.1.3.tgz#3a7d56b559d6cbc3eb512325244e619a65c6c525"
  integrity sha512-f3qQ9oQy9j2AhBe/H9VC91wLmKBCCU/gDOnKNAYG5hswO7BLKj09Hc5HYNz9cGI++xlpDCIgDaitVs03ATR84Q==

fsevents@~2.3.2:
  version "2.3.2"
  resolved "https://registry.yarnpkg.com/fsevents/-/fsevents-2.3.2.tgz#8a526f78b8fdf4623b709e0b975c52c24c02fd1a"
  integrity sha512-xiqMQR4xAeHTuB9uWm+fFRcIOgKBMiOBP+eXiyT7jsgVCq1bkVygt00oASowB7EdtpOHaaPgKt812P9ab+DDKA==

has-flag@^3.0.0:
  version "3.0.0"
  resolved "https://registry.yarnpkg.com/has-flag/-/has-flag-3.0.0.tgz#b5d454dc2199ae225699f3467e5a07f3b955bafd"
  integrity sha1-tdRU3CGZriJWmfNGfloH87lVuv0=

js-tokens@^4.0.0:
  version "4.0.0"
  resolved "https://registry.yarnpkg.com/js-tokens/-/js-tokens-4.0.0.tgz#19203fb59991df98e3a287050d4647cdeaf32499"
  integrity sha512-RdJUflcE3cUzKiMqQgsCu06FPu9UdIJO0beYbPhHN4k6apgJtifcoCtT9bcxOpYBtpD2kCM6Sbzg4CausW/PKQ==

json-schema-traverse@^1.0.0:
  version "1.0.0"
  resolved "https://registry.yarnpkg.com/json-schema-traverse/-/json-schema-traverse-1.0.0.tgz#ae7bcb3656ab77a73ba5c49bf654f38e6b6860e2"
  integrity sha512-NM8/P9n3XjXhIZn1lLhkFaACTOURQXjWhV4BA/RnOv8xvgqtqpAX9IO4mRQxSx1Rlo4tqzeqb0sOlruaOy3dug==

mini-css-extract-plugin@2.6.0:
  version "2.6.0"
  resolved "https://registry.yarnpkg.com/mini-css-extract-plugin/-/mini-css-extract-plugin-2.6.0.tgz#578aebc7fc14d32c0ad304c2c34f08af44673f5e"
  integrity sha512-ndG8nxCEnAemsg4FSgS+yNyHKgkTB4nPKqCOgh65j3/30qqC5RaSQQXMm++Y6sb6E1zRSxPkztj9fqxhS1Eo6w==
  dependencies:
    schema-utils "^4.0.0"

nanoid@^3.3.1:
  version "3.3.3"
  resolved "https://registry.yarnpkg.com/nanoid/-/nanoid-3.3.3.tgz#fd8e8b7aa761fe807dba2d1b98fb7241bb724a25"
  integrity sha512-p1sjXuopFs0xg+fPASzQ28agW1oHD7xDsd9Xkf3T15H3c/cifrFHVwrh74PdoklAPi+i7MdRsE47vm2r6JoB+w==

picocolors@^1.0.0:
  version "1.0.0"
  resolved "https://registry.yarnpkg.com/picocolors/-/picocolors-1.0.0.tgz#cb5bdc74ff3f51892236eaf79d68bc44564ab81c"
  integrity sha512-1fygroTLlHu66zi26VoTDv8yRgm0Fccecssto+MhsZ0D/DGW2sm8E8AjW7NU5VVTRt5GxbeZ5qBuJr+HyLYkjQ==

postcss-scss@4.0.3:
  version "4.0.3"
  resolved "https://registry.yarnpkg.com/postcss-scss/-/postcss-scss-4.0.3.tgz#36c23c19a804274e722e83a54d20b838ab4767ac"
  integrity sha512-j4KxzWovfdHsyxwl1BxkUal/O4uirvHgdzMKS1aWJBAV0qh2qj5qAZqpeBfVUYGWv+4iK9Az7SPyZ4fyNju1uA==

postcss@8.4.12:
  version "8.4.12"
  resolved "https://registry.yarnpkg.com/postcss/-/postcss-8.4.12.tgz#1e7de78733b28970fa4743f7da6f3763648b1905"
  integrity sha512-lg6eITwYe9v6Hr5CncVbK70SoioNQIq81nsaG86ev5hAidQvmOeETBqs7jm43K2F5/Ley3ytDtriImV6TpNiSg==
  dependencies:
    nanoid "^3.3.1"
    picocolors "^1.0.0"
    source-map-js "^1.0.2"

punycode@^2.1.0:
  version "2.1.1"
  resolved "https://registry.yarnpkg.com/punycode/-/punycode-2.1.1.tgz#b58b010ac40c22c5657616c8d2c2c02c7bf479ec"
  integrity sha512-XRsRjdf+j5ml+y/6GKHPZbrF/8p2Yga0JPtdqTIY2Xe5ohJPD9saDJJLPvp9+NSBprVvevdXZybnj2cv8OEd0A==

require-from-string@^2.0.2:
  version "2.0.2"
  resolved "https://registry.yarnpkg.com/require-from-string/-/require-from-string-2.0.2.tgz#89a7fdd938261267318eafe14f9c32e598c36909"
  integrity sha512-Xf0nWe6RseziFMu+Ap9biiUbmplq6S9/p+7w7YXP/JBHhrUDDUhwa+vANyubuqfZWTveU//DYVGsDG7RKL/vEw==

schema-utils@4.0.0, schema-utils@^4.0.0:
  version "4.0.0"
  resolved "https://registry.yarnpkg.com/schema-utils/-/schema-utils-4.0.0.tgz#60331e9e3ae78ec5d16353c467c34b3a0a1d3df7"
  integrity sha512-1edyXKgh6XnJsJSQ8mKWXnN/BVaIbFMLpouRUrXgVq7WYne5kw3MW7UPhO44uRXQSIpTSXoJbmrR2X0w9kUTyg==
  dependencies:
    "@types/json-schema" "^7.0.9"
    ajv "^8.8.0"
    ajv-formats "^2.1.1"
    ajv-keywords "^5.0.0"

source-map-js@^1.0.2:
  version "1.0.2"
  resolved "https://registry.yarnpkg.com/source-map-js/-/source-map-js-1.0.2.tgz#adbc361d9c62df380125e7f161f71c826f1e490c"
  integrity sha512-R0XvVJ9WusLiqTCEiGCmICCMplcCkIwwR11mOSD9CR5u+IXYdiseeEuXCVAjS54zqwkLcPNnmU4OeJ6tUrWhDw==

supports-color@^5.3.0:
  version "5.5.0"
  resolved "https://registry.yarnpkg.com/supports-color/-/supports-color-5.5.0.tgz#e2e69a44ac8772f78a1ec0b35b689df6530efc8f"
  integrity sha512-QjVjwdXIt408MIiAqCX4oUKsgU2EqAGzs2Ppkm4aQYbjm+ZEWEcW4SfFNTr4uMNZma0ey4f5lgLrkB0aX0QMow==
  dependencies:
    has-flag "^3.0.0"

uri-js@^4.2.2:
  version "4.4.0"
  resolved "https://registry.yarnpkg.com/uri-js/-/uri-js-4.4.0.tgz#aa714261de793e8a82347a7bcc9ce74e86f28602"
  integrity sha512-B0yRTzYdUCCn9n+F4+Gh4yIDtMQcaJsmYBDsTSG8g/OejKBodLQ2IHfN3bM7jUsRXndopT7OIXWdYqc1fjmV6g==
  dependencies:
    punycode "^2.1.0"
