# THIS IS AN AUTOGENERATED FILE. DO NOT EDIT THIS FILE DIRECTLY.
# yarn lockfile v1


"@babel/code-frame@7.22.13":
  version "7.22.13"
  resolved "https://registry.yarnpkg.com/@babel/code-frame/-/code-frame-7.22.13.tgz#e3c1c099402598483b7a8c46a721d1038803755e"
  integrity sha512-XktuhWlJ5g+3TJXc5upd9Ks1HutSArik6jf2eAjYFyIOf4ej3RN+184cZbzDvbPnuTJIUhPKKJE3cIsYTiAT3w==
  dependencies:
    "@babel/highlight" "^7.22.13"
    chalk "^2.4.2"

"@babel/helper-validator-identifier@^7.22.20":
  version "7.22.20"
  resolved "https://registry.yarnpkg.com/@babel/helper-validator-identifier/-/helper-validator-identifier-7.22.20.tgz#c4ae002c61d2879e724581d96665583dbc1dc0e0"
  integrity sha512-Y4OZ+ytlatR8AI+8KZfKuL5urKp7qey08ha31L8b3BwewJAoJamTzyvxPR/5D+KkdJCGPq/+8TukHBlY10FX9A==

"@babel/highlight@^7.22.13":
  version "7.22.20"
  resolved "https://registry.yarnpkg.com/@babel/highlight/-/highlight-7.22.20.tgz#4ca92b71d80554b01427815e06f2df965b9c1f54"
  integrity sha512-dkdMCN3py0+ksCgYmGG8jKeGA/8Tk+gJwSYYlFGxG5lmhfKNoAy004YpLxpS1W2J8m/EK2Ew+yOs9pVRwO89mg==
  dependencies:
    "@babel/helper-validator-identifier" "^7.22.20"
    chalk "^2.4.2"
    js-tokens "^4.0.0"

"@swissquote/crafty-commons-gulp@1.23.0":
  version "1.23.0"
  resolved "https://registry.yarnpkg.com/@swissquote/crafty-commons-gulp/-/crafty-commons-gulp-1.23.0.tgz#dfa519be759bf8b28a4a97681147bcc0f1881d60"
  integrity sha512-zuuseih36osoWQV6MM1ha8ZFpBhVIxOJdOsVsBOZcnEVorwLtwWlcyWLrpcEudrFLrGYkxF3SgnLFPx6/eYqQA==
  dependencies:
    "@swissquote/crafty-commons" "1.23.0"

"@swissquote/crafty-commons@1.23.0":
  version "1.23.0"
  resolved "https://registry.yarnpkg.com/@swissquote/crafty-commons/-/crafty-commons-1.23.0.tgz#089b2e8d5310d94f922ccd13839a630be628af3d"
  integrity sha512-+IzrbmPlC+vl99WJWLpuiBpoCTx+/wuG86108HKsm6dwf2/C45QaxCXQYpJxLT0WO+jHekqG32TDe712a1hpvA==
  dependencies:
    caniuse-lite "^1.0.30001542"

"@swissquote/crafty-preset-postcss@1.23.0":
  version "1.23.0"
  resolved "https://registry.yarnpkg.com/@swissquote/crafty-preset-postcss/-/crafty-preset-postcss-1.23.0.tgz#98df1325cb64b097cad8ef82d925d4c4ee95d2b8"
  integrity sha512-csMi8QIRoJTLD5ZXD15GwhQUW76m2gibzy95SWvonjyBhYw5WKTO0XAVVK7HXwbMKjobQXXc7WErden8mnpM9Q==
  dependencies:
    "@babel/code-frame" "7.22.13"
    "@swissquote/crafty" "1.23.0"
    "@swissquote/crafty-commons" "1.23.0"
    "@swissquote/crafty-commons-gulp" "1.23.0"
    "@swissquote/crafty-preset-stylelint" "1.23.0"
    "@swissquote/postcss-swissquote-preset" "1.23.0"
    mini-css-extract-plugin "2.7.6"
    postcss "8.4.31"
    postcss-scss "4.0.9"
    schema-utils "4.2.0"

"@swissquote/crafty-preset-prettier@1.23.0":
  version "1.23.0"
  resolved "https://registry.yarnpkg.com/@swissquote/crafty-preset-prettier/-/crafty-preset-prettier-1.23.0.tgz#34236c983db7b7270732d49e3038297e4d337f9d"
  integrity sha512-Zc7Xyv7axOCQRxUn32iCtZMVFHy+0Y0uJV8G30fXt4UR26EpXROB4OQLYegBnHqd28xtU3KmAQy3wOjTm5lZog==

"@swissquote/crafty-preset-stylelint@1.23.0":
  version "1.23.0"
  resolved "https://registry.yarnpkg.com/@swissquote/crafty-preset-stylelint/-/crafty-preset-stylelint-1.23.0.tgz#d98f3fad53b18d7d857198afeeaa0e61d2469dec"
  integrity sha512-mI4CS3MbRH27mzAg3j29J2n2JKBQFRC5rZ6U1dq9LZDG50UXkNESES3W9wRIs6lch104g+ajnX1LzqES8ruNdQ==
  dependencies:
    "@babel/code-frame" "7.22.13"
    "@swissquote/crafty" "1.23.0"
    "@swissquote/crafty-commons" "1.23.0"
    "@swissquote/crafty-commons-gulp" "1.23.0"
    "@swissquote/crafty-preset-prettier" "1.23.0"
    "@swissquote/stylelint-config-swissquote" "1.23.0"
    postcss "8.4.31"
    postcss-scss "4.0.9"

"@swissquote/crafty-runner-gulp@1.23.0":
  version "1.23.0"
  resolved "https://registry.yarnpkg.com/@swissquote/crafty-runner-gulp/-/crafty-runner-gulp-1.23.0.tgz#2fb6793b79ec3a572ec41d91faf0416c3f0dbb5a"
  integrity sha512-Ue3/wmsNsjCWRe45RO+1pMSm/AbPEduSTzvsqb79C4sQn0oq7RT9GdClBbLui76nxdSHw81jB1NJTsRoHT9MOw==
  dependencies:
    "@swissquote/crafty" "1.23.0"
    "@swissquote/crafty-commons" "1.23.0"
    "@swissquote/crafty-commons-gulp" "1.23.0"

"@swissquote/crafty@1.23.0":
  version "1.23.0"
  resolved "https://registry.yarnpkg.com/@swissquote/crafty/-/crafty-1.23.0.tgz#78318125e9a3735cfba27055de9628a282acff4d"
  integrity sha512-qPnBm3jvM8PfKVKDCzpOLZ84MWLFHRaDpV70A5CY2xbG+YFqP4x33ZzRPMVFefjBzVRch5PyIWuCUU+yxBAb/w==
  dependencies:
    "@swissquote/crafty-commons" "1.23.0"
  optionalDependencies:
    fsevents "~2.3.3"

"@swissquote/postcss-swissquote-preset@1.23.0":
  version "1.23.0"
  resolved "https://registry.yarnpkg.com/@swissquote/postcss-swissquote-preset/-/postcss-swissquote-preset-1.23.0.tgz#393c8ffd6debe9146f9ad4a27f7c82d15b8a123b"
  integrity sha512-QIoAjroUg+PYXKeTQfKzNicUpfvq5MKmaRo64aeSPeZ8liQLCeXSF9QFXkOb72rEycMqqFrrN5xjgTx8VtCjKA==
  dependencies:
    "@swissquote/crafty-commons" "1.23.0"
    caniuse-lite "^1.0.30001542"
    lightningcss "1.22.0"
    postcss "8.4.31"

"@swissquote/stylelint-config-swissquote@1.23.0":
  version "1.23.0"
  resolved "https://registry.yarnpkg.com/@swissquote/stylelint-config-swissquote/-/stylelint-config-swissquote-1.23.0.tgz#2b7a7d2db998c23dcf60255ab056da8e9df2cdf6"
  integrity sha512-GxtI3jsN6vPQruxMZk2vUGQOnvDL8k34WcxfGUgVpmAQkq22rkq9ztR4CJKPpDwf6uB3OW1X6nz1CJTp8/8dnQ==
  dependencies:
    "@swissquote/crafty" "1.23.0"
    caniuse-lite "^1.0.30001542"
    postcss-scss "4.0.9"

"@types/json-schema@^7.0.9":
  version "7.0.11"
  resolved "https://registry.yarnpkg.com/@types/json-schema/-/json-schema-7.0.11.tgz#d421b6c527a3037f7c84433fd2c4229e016863d3"
  integrity sha512-wOuvG1SN4Us4rez+tylwwwCV1psiNVOkJeM3AUWUNWg/jDQY2+HE/444y5gc+jBmRqASOm2Oeh5c1axHobwRKQ==

ajv-formats@^2.1.1:
  version "2.1.1"
  resolved "https://registry.yarnpkg.com/ajv-formats/-/ajv-formats-2.1.1.tgz#6e669400659eb74973bbf2e33327180a0996b520"
  integrity sha512-Wx0Kx52hxE7C18hkMEggYlEifqWZtYaRgouJor+WMdPnQyEK13vgEWyVNup7SoeeoLMsr4kf5h6dOW11I15MUA==
  dependencies:
    ajv "^8.0.0"

ajv-keywords@^5.0.0, ajv-keywords@^5.1.0:
  version "5.1.0"
  resolved "https://registry.yarnpkg.com/ajv-keywords/-/ajv-keywords-5.1.0.tgz#69d4d385a4733cdbeab44964a1170a88f87f0e16"
  integrity sha512-YCS/JNFAUyr5vAuhk1DWm1CBxRHW9LbJ2ozWeemrIqpbsqKjHVxYPyi5GC0rjZIT5JxJ3virVTS8wk4i/Z+krw==
  dependencies:
    fast-deep-equal "^3.1.3"

ajv@^8.0.0, ajv@^8.8.0, ajv@^8.9.0:
  version "8.12.0"
  resolved "https://registry.yarnpkg.com/ajv/-/ajv-8.12.0.tgz#d1a0527323e22f53562c567c00991577dfbe19d1"
  integrity sha512-sRu1kpcO9yLtYxBKvqfTeh9KzZEwO3STyX1HT+4CaDzC6HpTGYhIhPIzj9XuKU7KYDwnaeh5hcOwjy1QuJzBPA==
  dependencies:
    fast-deep-equal "^3.1.1"
    json-schema-traverse "^1.0.0"
    require-from-string "^2.0.2"
    uri-js "^4.2.2"

ansi-styles@^3.2.1:
  version "3.2.1"
  resolved "https://registry.yarnpkg.com/ansi-styles/-/ansi-styles-3.2.1.tgz#41fbb20243e50b12be0f04b8dedbf07520ce841d"
  integrity sha512-VT0ZI6kZRdTh8YyJw3SMbYm/u+NqfsAxEpWO0Pf9sq8/e94WxxOpPKx9FR1FlyCtOVDNOQ+8ntlqFxiRc+r5qA==
  dependencies:
    color-convert "^1.9.0"

caniuse-lite@^1.0.30001542:
  version "1.0.30001546"
  resolved "https://registry.yarnpkg.com/caniuse-lite/-/caniuse-lite-1.0.30001546.tgz#10fdad03436cfe3cc632d3af7a99a0fb497407f0"
  integrity sha512-zvtSJwuQFpewSyRrI3AsftF6rM0X80mZkChIt1spBGEvRglCrjTniXvinc8JKRoqTwXAgvqTImaN9igfSMtUBw==

chalk@^2.4.2:
  version "2.4.2"
  resolved "https://registry.yarnpkg.com/chalk/-/chalk-2.4.2.tgz#cd42541677a54333cf541a49108c1432b44c9424"
  integrity sha512-Mti+f9lpJNcwF4tWV8/OrTTtF1gZi+f8FqlyAdouralcFWFQWF2+NgCHShjkCb+IFBLq9buZwE1xckQU4peSuQ==
  dependencies:
    ansi-styles "^3.2.1"
    escape-string-regexp "^1.0.5"
    supports-color "^5.3.0"

color-convert@^1.9.0:
  version "1.9.3"
  resolved "https://registry.yarnpkg.com/color-convert/-/color-convert-1.9.3.tgz#bb71850690e1f136567de629d2d5471deda4c1e8"
  integrity sha512-QfAUtd+vFdAtFQcC8CCyYt1fYWxSqAiK2cSD6zDB8N3cpsEBAvRxp9zOGg6G/SHHJYAT88/az/IuDGALsNVbGg==
  dependencies:
    color-name "1.1.3"

color-name@1.1.3:
  version "1.1.3"
  resolved "https://registry.yarnpkg.com/color-name/-/color-name-1.1.3.tgz#a7d0558bd89c42f795dd42328f740831ca53bc25"
  integrity sha512-72fSenhMw2HZMTVHeCA9KCmpEIbzWiQsjN+BHcBbS9vr1mtt+vJjPdksIBNUmKAW8TFUDPJK5SUU3QhE9NEXDw==

detect-libc@^1.0.3:
  version "1.0.3"
  resolved "https://registry.yarnpkg.com/detect-libc/-/detect-libc-1.0.3.tgz#fa137c4bd698edf55cd5cd02ac559f91a4c4ba9b"
  integrity sha512-pGjwhsmsp4kL2RTz08wcOlGN83otlqHeD/Z5T8GXZB+/YcpQ/dgo+lbU8ZsGxV0HIvqqxo9l7mqYwyYMD9bKDg==

escape-string-regexp@^1.0.5:
  version "1.0.5"
  resolved "https://registry.yarnpkg.com/escape-string-regexp/-/escape-string-regexp-1.0.5.tgz#1b61c0562190a8dff6ae3bb2cf0200ca130b86d4"
  integrity sha512-vbRorB5FUQWvla16U8R/qgaFIya2qGzwDrNmCZuYKrbdSUMG6I1ZCGQRefkRVhuOkIGVne7BQ35DSfo1qvJqFg==

fast-deep-equal@^3.1.1, fast-deep-equal@^3.1.3:
  version "3.1.3"
  resolved "https://registry.yarnpkg.com/fast-deep-equal/-/fast-deep-equal-3.1.3.tgz#3a7d56b559d6cbc3eb512325244e619a65c6c525"
  integrity sha512-f3qQ9oQy9j2AhBe/H9VC91wLmKBCCU/gDOnKNAYG5hswO7BLKj09Hc5HYNz9cGI++xlpDCIgDaitVs03ATR84Q==

fsevents@~2.3.3:
  version "2.3.3"
  resolved "https://registry.yarnpkg.com/fsevents/-/fsevents-2.3.3.tgz#cac6407785d03675a2a5e1a5305c697b347d90d6"
  integrity sha512-5xoDfX+fL7faATnagmWPpbFtwh/R77WmMMqqHGS65C3vvB0YHrgF+B1YmZ3441tMj5n63k0212XNoJwzlhffQw==

has-flag@^3.0.0:
  version "3.0.0"
  resolved "https://registry.yarnpkg.com/has-flag/-/has-flag-3.0.0.tgz#b5d454dc2199ae225699f3467e5a07f3b955bafd"
  integrity sha512-sKJf1+ceQBr4SMkvQnBDNDtf4TXpVhVGateu0t918bl30FnbE2m4vNLX+VWe/dpjlb+HugGYzW7uQXH98HPEYw==

js-tokens@^4.0.0:
  version "4.0.0"
  resolved "https://registry.yarnpkg.com/js-tokens/-/js-tokens-4.0.0.tgz#19203fb59991df98e3a287050d4647cdeaf32499"
  integrity sha512-RdJUflcE3cUzKiMqQgsCu06FPu9UdIJO0beYbPhHN4k6apgJtifcoCtT9bcxOpYBtpD2kCM6Sbzg4CausW/PKQ==

json-schema-traverse@^1.0.0:
  version "1.0.0"
  resolved "https://registry.yarnpkg.com/json-schema-traverse/-/json-schema-traverse-1.0.0.tgz#ae7bcb3656ab77a73ba5c49bf654f38e6b6860e2"
  integrity sha512-NM8/P9n3XjXhIZn1lLhkFaACTOURQXjWhV4BA/RnOv8xvgqtqpAX9IO4mRQxSx1Rlo4tqzeqb0sOlruaOy3dug==

lightningcss-darwin-arm64@1.22.0:
  version "1.22.0"
  resolved "https://registry.yarnpkg.com/lightningcss-darwin-arm64/-/lightningcss-darwin-arm64-1.22.0.tgz#28e189ce15290b3d0ab43704fc33e8e6366e6df4"
  integrity sha512-aH2be3nNny+It5YEVm8tBSSdRlBVWQV8m2oJ7dESiYRzyY/E/bQUe2xlw5caaMuhlM9aoTMtOH25yzMhir0qPg==

lightningcss-darwin-x64@1.22.0:
  version "1.22.0"
  resolved "https://registry.yarnpkg.com/lightningcss-darwin-x64/-/lightningcss-darwin-x64-1.22.0.tgz#1c5fe3e3ab31c9f1741f6d5d650ab683bd942854"
  integrity sha512-9KHRFA0Y6mNxRHeoQMp0YaI0R0O2kOgUlYPRjuasU4d+pI8NRhVn9bt0yX9VPs5ibWX1RbDViSPtGJvYYrfVAQ==

lightningcss-freebsd-x64@1.22.0:
  version "1.22.0"
  resolved "https://registry.yarnpkg.com/lightningcss-freebsd-x64/-/lightningcss-freebsd-x64-1.22.0.tgz#1ee7bcb68258b2cb1425bdc7ccb632233eae639c"
  integrity sha512-xaYL3xperGwD85rQioDb52ozF3NAJb+9wrge3jD9lxGffplu0Mn35rXMptB8Uc2N9Mw1i3Bvl7+z1evlqVl7ww==

lightningcss-linux-arm-gnueabihf@1.22.0:
  version "1.22.0"
  resolved "https://registry.yarnpkg.com/lightningcss-linux-arm-gnueabihf/-/lightningcss-linux-arm-gnueabihf-1.22.0.tgz#1c4287ec7268dcee6d9dcccb3d0810ecdcd35b74"
  integrity sha512-epQGvXIjOuxrZpMpMnRjK54ZqzhiHhCPLtHvw2fb6NeK2kK9YtF0wqmeTBiQ1AkbWfnnXGTstYaFNiadNK+StQ==

lightningcss-linux-arm64-gnu@1.22.0:
  version "1.22.0"
  resolved "https://registry.yarnpkg.com/lightningcss-linux-arm64-gnu/-/lightningcss-linux-arm64-gnu-1.22.0.tgz#b8e6daee4a60020a4930fc3564669868e723a10d"
  integrity sha512-AArGtKSY4DGTA8xP8SDyNyKtpsUl1Rzq6FW4JomeyUQ4nBrR71uPChksTpj3gmWuGhZeRKLeCUI1DBid/zhChg==

lightningcss-linux-arm64-musl@1.22.0:
  version "1.22.0"
  resolved "https://registry.yarnpkg.com/lightningcss-linux-arm64-musl/-/lightningcss-linux-arm64-musl-1.22.0.tgz#8d863a5470ee50369f13974325f2a3326b5f77df"
  integrity sha512-RRraNgP8hnBPhInTTUdlFm+z16C/ghbxBG51Sw00hd7HUyKmEUKRozyc5od+/N6pOrX/bIh5vIbtMXIxsos0lg==

lightningcss-linux-x64-gnu@1.22.0:
  version "1.22.0"
  resolved "https://registry.yarnpkg.com/lightningcss-linux-x64-gnu/-/lightningcss-linux-x64-gnu-1.22.0.tgz#4798711d1897fe19fccd039640389c5049fb03fb"
  integrity sha512-grdrhYGRi2KrR+bsXJVI0myRADqyA7ekprGxiuK5QRNkv7kj3Yq1fERDNyzZvjisHwKUi29sYMClscbtl+/Zpw==

lightningcss-linux-x64-musl@1.22.0:
  version "1.22.0"
  resolved "https://registry.yarnpkg.com/lightningcss-linux-x64-musl/-/lightningcss-linux-x64-musl-1.22.0.tgz#1d34f5bf428b0d2d4550627e653231d33fda90f9"
  integrity sha512-t5f90X+iQUtIyR56oXIHMBUyQFX/zwmPt72E6Dane3P8KNGlkijTg2I75XVQS860gNoEFzV7Mm5ArRRA7u5CAQ==

lightningcss-win32-x64-msvc@1.22.0:
  version "1.22.0"
  resolved "https://registry.yarnpkg.com/lightningcss-win32-x64-msvc/-/lightningcss-win32-x64-msvc-1.22.0.tgz#2fece601ea92298f73008bdf96ed0af8132d318f"
  integrity sha512-64HTDtOOZE9PUCZJiZZQpyqXBbdby1lnztBccnqh+NtbKxjnGzP92R2ngcgeuqMPecMNqNWxgoWgTGpC+yN5Sw==

lightningcss@1.22.0:
  version "1.22.0"
  resolved "https://registry.yarnpkg.com/lightningcss/-/lightningcss-1.22.0.tgz#76c9a17925e660741858e88b774172cb1923bb4a"
  integrity sha512-+z0qvwRVzs4XGRXelnWRNwqsXUx8k3bSkbP8vD42kYKSk3z9OM2P3e/gagT7ei/gwh8DTS80LZOFZV6lm8Z8Fg==
  dependencies:
    detect-libc "^1.0.3"
  optionalDependencies:
    lightningcss-darwin-arm64 "1.22.0"
    lightningcss-darwin-x64 "1.22.0"
    lightningcss-freebsd-x64 "1.22.0"
    lightningcss-linux-arm-gnueabihf "1.22.0"
    lightningcss-linux-arm64-gnu "1.22.0"
    lightningcss-linux-arm64-musl "1.22.0"
    lightningcss-linux-x64-gnu "1.22.0"
    lightningcss-linux-x64-musl "1.22.0"
    lightningcss-win32-x64-msvc "1.22.0"

mini-css-extract-plugin@2.7.6:
  version "2.7.6"
  resolved "https://registry.yarnpkg.com/mini-css-extract-plugin/-/mini-css-extract-plugin-2.7.6.tgz#282a3d38863fddcd2e0c220aaed5b90bc156564d"
  integrity sha512-Qk7HcgaPkGG6eD77mLvZS1nmxlao3j+9PkrT9Uc7HAE1id3F41+DdBRYRYkbyfNRGzm8/YWtzhw7nVPmwhqTQw==
  dependencies:
    schema-utils "^4.0.0"

nanoid@^3.3.6:
  version "3.3.6"
  resolved "https://registry.yarnpkg.com/nanoid/-/nanoid-3.3.6.tgz#443380c856d6e9f9824267d960b4236ad583ea4c"
  integrity sha512-BGcqMMJuToF7i1rt+2PWSNVnWIkGCU78jBG3RxO/bZlnZPK2Cmi2QaffxGO/2RvWi9sL+FAiRiXMgsyxQ1DIDA==

picocolors@^1.0.0:
  version "1.0.0"
  resolved "https://registry.yarnpkg.com/picocolors/-/picocolors-1.0.0.tgz#cb5bdc74ff3f51892236eaf79d68bc44564ab81c"
  integrity sha512-1fygroTLlHu66zi26VoTDv8yRgm0Fccecssto+MhsZ0D/DGW2sm8E8AjW7NU5VVTRt5GxbeZ5qBuJr+HyLYkjQ==

postcss-scss@4.0.9:
  version "4.0.9"
  resolved "https://registry.yarnpkg.com/postcss-scss/-/postcss-scss-4.0.9.tgz#a03c773cd4c9623cb04ce142a52afcec74806685"
  integrity sha512-AjKOeiwAitL/MXxQW2DliT28EKukvvbEWx3LBmJIRN8KfBGZbRTxNYW0kSqi1COiTZ57nZ9NW06S6ux//N1c9A==

postcss@8.4.31:
  version "8.4.31"
  resolved "https://registry.yarnpkg.com/postcss/-/postcss-8.4.31.tgz#92b451050a9f914da6755af352bdc0192508656d"
  integrity sha512-PS08Iboia9mts/2ygV3eLpY5ghnUcfLV/EXTOW1E2qYxJKGGBUtNjN76FYHnMs36RmARn41bC0AZmn+rR0OVpQ==
  dependencies:
    nanoid "^3.3.6"
    picocolors "^1.0.0"
    source-map-js "^1.0.2"

punycode@^2.1.0:
  version "2.3.0"
  resolved "https://registry.yarnpkg.com/punycode/-/punycode-2.3.0.tgz#f67fa67c94da8f4d0cfff981aee4118064199b8f"
  integrity sha512-rRV+zQD8tVFys26lAGR9WUuS4iUAngJScM+ZRSKtvl5tKeZ2t5bvdNFdNHBW9FWR4guGHlgmsZ1G7BSm2wTbuA==

require-from-string@^2.0.2:
  version "2.0.2"
  resolved "https://registry.yarnpkg.com/require-from-string/-/require-from-string-2.0.2.tgz#89a7fdd938261267318eafe14f9c32e598c36909"
  integrity sha512-Xf0nWe6RseziFMu+Ap9biiUbmplq6S9/p+7w7YXP/JBHhrUDDUhwa+vANyubuqfZWTveU//DYVGsDG7RKL/vEw==

schema-utils@4.2.0:
  version "4.2.0"
  resolved "https://registry.yarnpkg.com/schema-utils/-/schema-utils-4.2.0.tgz#70d7c93e153a273a805801882ebd3bff20d89c8b"
  integrity sha512-L0jRsrPpjdckP3oPug3/VxNKt2trR8TcabrM6FOAAlvC/9Phcmm+cuAgTlxBqdBR1WJx7Naj9WHw+aOmheSVbw==
  dependencies:
    "@types/json-schema" "^7.0.9"
    ajv "^8.9.0"
    ajv-formats "^2.1.1"
    ajv-keywords "^5.1.0"

schema-utils@^4.0.0:
  version "4.0.0"
  resolved "https://registry.yarnpkg.com/schema-utils/-/schema-utils-4.0.0.tgz#60331e9e3ae78ec5d16353c467c34b3a0a1d3df7"
  integrity sha512-1edyXKgh6XnJsJSQ8mKWXnN/BVaIbFMLpouRUrXgVq7WYne5kw3MW7UPhO44uRXQSIpTSXoJbmrR2X0w9kUTyg==
  dependencies:
    "@types/json-schema" "^7.0.9"
    ajv "^8.8.0"
    ajv-formats "^2.1.1"
    ajv-keywords "^5.0.0"

source-map-js@^1.0.2:
  version "1.0.2"
  resolved "https://registry.yarnpkg.com/source-map-js/-/source-map-js-1.0.2.tgz#adbc361d9c62df380125e7f161f71c826f1e490c"
  integrity sha512-R0XvVJ9WusLiqTCEiGCmICCMplcCkIwwR11mOSD9CR5u+IXYdiseeEuXCVAjS54zqwkLcPNnmU4OeJ6tUrWhDw==

supports-color@^5.3.0:
  version "5.5.0"
  resolved "https://registry.yarnpkg.com/supports-color/-/supports-color-5.5.0.tgz#e2e69a44ac8772f78a1ec0b35b689df6530efc8f"
  integrity sha512-QjVjwdXIt408MIiAqCX4oUKsgU2EqAGzs2Ppkm4aQYbjm+ZEWEcW4SfFNTr4uMNZma0ey4f5lgLrkB0aX0QMow==
  dependencies:
    has-flag "^3.0.0"

uri-js@^4.2.2:
  version "4.4.1"
  resolved "https://registry.yarnpkg.com/uri-js/-/uri-js-4.4.1.tgz#9b1a52595225859e55f669d928f88c6c57f2a77e"
  integrity sha512-7rKUyy33Q1yc98pQ1DAmLtwX109F7TIfWlW1Ydo8Wl1ii1SeHieeh0HHfPeL2fMXK6z0s8ecKs9frCuLJvndBg==
  dependencies:
    punycode "^2.1.0"
